
Microsoft Visual Studio Solution File, Format Version 12.00
# Visual Studio Version 17
VisualStudioVersion = 17.5.002.0
MinimumVisualStudioVersion = 10.0.40219.1
Project("{9A19103F-16F7-4668-BE54-9A1E7A4F7556}") = "auctionServiceApi", "auctionServiceApi.csproj", "{C866AA35-3520-4FDC-98EE-C649031487AE}"
EndProject
Global
	GlobalSection(SolutionConfigurationPlatforms) = preSolution
		Debug|Any CPU = Debug|Any CPU
		Release|Any CPU = Release|Any CPU
	EndGlobalSection
	GlobalSection(ProjectConfigurationPlatforms) = postSolution
		{C866AA35-3520-4FDC-98EE-C649031487AE}.Debug|Any CPU.ActiveCfg = Debug|Any CPU
		{C866AA35-3520-4FDC-98EE-C649031487AE}.Debug|Any CPU.Build.0 = Debug|Any CPU
		{C866AA35-3520-4FDC-98EE-C649031487AE}.Release|Any CPU.ActiveCfg = Release|Any CPU
		{C866AA35-3520-4FDC-98EE-C649031487AE}.Release|Any CPU.Build.0 = Release|Any CPU
	EndGlobalSection
	GlobalSection(SolutionProperties) = preSolution
		HideSolutionNode = FALSE
	EndGlobalSection
	GlobalSection(ExtensibilityGlobals) = postSolution
		SolutionGuid = {94E230EF-B4DF-4D02-BF57-AD2DA08EFB33}
	EndGlobalSection
EndGlobal
